{
  "version": 4,
  "terraform_version": "1.3.7",
  "serial": 9,
  "lineage": "ed9e1f1b-78f4-96c0-f6a8-347de08a4335",
  "outputs": {},
  "resources": [
    {
      "mode": "data",
      "type": "digitalocean_ssh_key",
      "name": "DevOps",
      "provider": "provider[\"registry.terraform.io/digitalocean/digitalocean\"]",
      "instances": [
        {
          "schema_version": 0,
          "attributes": {
            "fingerprint": "c6:4e:ae:ed:1b:8f:15:4a:6c:a6:3f:9e:f5:d9:3d:66",
            "id": 37386524,
            "name": "DevOps",
            "public_key": "ssh-rsa AAAAB3NzaC1yc2EAAAADAQABAAABAQC2I8Bsr0uC1Kf30DY/b88erb1UB5OW3QWyj/i5vVT2XA87JO1LGyJ7JskdzM+qatBB6jP6W+94GxWpzhb7565gAYYloCWmQzJcpcGQ3D7A+nfYXW/UgqYYWoJ0COvNJqKDD5CIjAxVLP3KpHALTSjteNtl74vB+8ANDCy5wNe7e5TIf1s8z1rAdLE2TaFK43mU0EF81nAfg8Sj956tb7xD6ny4OhX7Am9MdSvhsAA84wuSbKU63NH3zcUS7sPnN0TaX0V4JebDI9++K1nddvRibXZpQtI29cSH2SIE+I4pjuhIb29utqzFBvkmDO/0g46aQqEJgLuyY9SK/M++Z28r ricardo@pc7000"
          },
          "sensitive_attributes": []
        }
      ]
    },
    {
      "mode": "managed",
      "type": "digitalocean_droplet",
      "name": "jenkins",
      "provider": "provider[\"registry.terraform.io/digitalocean/digitalocean\"]",
      "instances": [
        {
          "schema_version": 1,
          "attributes": {
            "backups": false,
            "created_at": "2023-01-29T23:25:22Z",
            "disk": 60,
            "droplet_agent": null,
            "graceful_shutdown": false,
            "id": "338164744",
            "image": "ubuntu-22-04-x64",
            "ipv4_address": "143.198.120.187",
            "ipv4_address_private": "10.116.0.2",
            "ipv6": false,
            "ipv6_address": "",
            "locked": false,
            "memory": 2048,
            "monitoring": false,
            "name": "jenkins",
            "price_hourly": 0.02679,
            "price_monthly": 18,
            "private_networking": true,
            "region": "nyc1",
            "resize_disk": true,
            "size": "s-2vcpu-2gb",
            "ssh_keys": [
              "37386524"
            ],
            "status": "active",
            "tags": null,
            "timeouts": null,
            "urn": "do:droplet:338164744",
            "user_data": null,
            "vcpus": 2,
            "volume_ids": [],
            "vpc_uuid": "e5af423c-edaf-4abd-990d-e7f4b6653fdf"
          },
          "sensitive_attributes": [],
          "private": "eyJlMmJmYjczMC1lY2FhLTExZTYtOGY4OC0zNDM2M2JjN2M0YzAiOnsiY3JlYXRlIjozNjAwMDAwMDAwMDAwLCJkZWxldGUiOjYwMDAwMDAwMDAwLCJ1cGRhdGUiOjM2MDAwMDAwMDAwMDB9LCJzY2hlbWFfdmVyc2lvbiI6IjEifQ==",
          "dependencies": [
            "data.digitalocean_ssh_key.DevOps"
          ]
        }
      ]
    },
    {
      "mode": "managed",
      "type": "digitalocean_kubernetes_cluster",
      "name": "k8s",
      "provider": "provider[\"registry.terraform.io/digitalocean/digitalocean\"]",
      "instances": [
        {
          "schema_version": 3,
          "attributes": {
            "auto_upgrade": false,
            "cluster_subnet": "10.244.0.0/16",
            "created_at": "2023-01-29 23:25:01 +0000 UTC",
            "endpoint": "https://408fd3e9-42c3-4baa-95ef-aa69afa78a5e.k8s.ondigitalocean.com",
            "ha": false,
            "id": "408fd3e9-42c3-4baa-95ef-aa69afa78a5e",
            "ipv4_address": "",
            "kube_config": [
              {
                "client_certificate": "",
                "client_key": "",
                "cluster_ca_certificate": "LS0tLS1CRUdJTiBDRVJUSUZJQ0FURS0tLS0tCk1JSURKekNDQWcrZ0F3SUJBZ0lDQm5Vd0RRWUpLb1pJaHZjTkFRRUxCUUF3TXpFVk1CTUdBMVVFQ2hNTVJHbG4KYVhSaGJFOWpaV0Z1TVJvd0dBWURWUVFERXhGck9ITmhZWE1nUTJ4MWMzUmxjaUJEUVRBZUZ3MHlNekF4TWpreQpNekkxTUROYUZ3MDBNekF4TWpreU16STFNRE5hTURNeEZUQVRCZ05WQkFvVERFUnBaMmwwWVd4UFkyVmhiakVhCk1CZ0dBMVVFQXhNUmF6aHpZV0Z6SUVOc2RYTjBaWElnUTBFd2dnRWlNQTBHQ1NxR1NJYjNEUUVCQVFVQUE0SUIKRHdBd2dnRUtBb0lCQVFDaDR0V050LzZ0dmw2dm1XMStMM3F6UExxRHBZaW83cEZDN0w3dHZNVU1OTmttZ1JIVAptb2VEK0h6NmpkK3Z5R1hZYWFJYjBydEVsWHF6bkdVUS9XUkd6MEsxK3dzZENJVkdmTUNWWWdrdGVpZTZDbFpWCm9tOFJidmJyMFp1V3JGekgvQ3F2UVR3L1RuSG9NQlRYd0dxWWFPb1hEdGpKTllhMjQ3RjN5ckV3U0ZoMmRLdFcKWjhPQ1c1aG9kaFhiMmZKTHQ0d3lkMFhTYmZjOTRNS1huK2o5ek10aXZSOU4yci9YM1EyelZKMkJtYUxVWFVrQgpGWHVuWDd6RDRkQythaVpadXV1c0FrQTQ2Y1VoU09EemJtQkpOSm5FWjlHNVZMbUoweEpLdzhYcHhzcmlEWDdDCnVQd2lkVVNkcko2Tk5sUDlUdHNHaVdYdVFTaTNrOHMvVnFzNUFnTUJBQUdqUlRCRE1BNEdBMVVkRHdFQi93UUUKQXdJQmhqQVNCZ05WSFJNQkFmOEVDREFHQVFIL0FnRUFNQjBHQTFVZERnUVdCQlRweUJOL0NQdHo1UEZMQ0RnZwo0SjhmRFRlVStEQU5CZ2txaGtpRzl3MEJBUXNGQUFPQ0FRRUFScmF3bnM4ZkZmMExVY3FRRGhwa3hOcEZiWVNtCndxZWxscUdTUWQ1Z1EwbHMxOHMyL0RvSW9RYmNZUXBkUjVVQWs3aUhia2tPbHVGK002MWRuWjNJTTFXOUVoU3gKUUFVTjNwYld6NUtkUVhFaHZIWDB2Sjlqd095WWg1SW50ZllpY0NocjgzOGJieWU2d1FuRmw0Y1kwY09TVFg2RwpScEtYZEhFdTI3SzJYQTFhd0RqcUYxSUlWOVc3elkvOFAyZzZGcVdwcGVkQnQvK1puWmNtL3l5VWxsVHpsNVdXCnpIUW1TKzVuMGdnSTZXOTJ6QzlkMnhqQ3RNaEw5L1VzeDlITEx4MHV2TTgrS2RJaE4wNEdZT1FBODFBTm5ha0cKL0tWQ2Y5b0EvQXBtOXdXc1J6T1FjcjVGSXB5WlZacmoyRzNmY1J1dWMxYzJkM24xMVNIMVhlYjE3Zz09Ci0tLS0tRU5EIENFUlRJRklDQVRFLS0tLS0K",
                "expires_at": "2023-02-05T23:30:32Z",
                "host": "https://408fd3e9-42c3-4baa-95ef-aa69afa78a5e.k8s.ondigitalocean.com",
                "raw_config": "apiVersion: v1\nkind: Config\nclusters:\n- cluster:\n    certificate-authority-data: LS0tLS1CRUdJTiBDRVJUSUZJQ0FURS0tLS0tCk1JSURKekNDQWcrZ0F3SUJBZ0lDQm5Vd0RRWUpLb1pJaHZjTkFRRUxCUUF3TXpFVk1CTUdBMVVFQ2hNTVJHbG4KYVhSaGJFOWpaV0Z1TVJvd0dBWURWUVFERXhGck9ITmhZWE1nUTJ4MWMzUmxjaUJEUVRBZUZ3MHlNekF4TWpreQpNekkxTUROYUZ3MDBNekF4TWpreU16STFNRE5hTURNeEZUQVRCZ05WQkFvVERFUnBaMmwwWVd4UFkyVmhiakVhCk1CZ0dBMVVFQXhNUmF6aHpZV0Z6SUVOc2RYTjBaWElnUTBFd2dnRWlNQTBHQ1NxR1NJYjNEUUVCQVFVQUE0SUIKRHdBd2dnRUtBb0lCQVFDaDR0V050LzZ0dmw2dm1XMStMM3F6UExxRHBZaW83cEZDN0w3dHZNVU1OTmttZ1JIVAptb2VEK0h6NmpkK3Z5R1hZYWFJYjBydEVsWHF6bkdVUS9XUkd6MEsxK3dzZENJVkdmTUNWWWdrdGVpZTZDbFpWCm9tOFJidmJyMFp1V3JGekgvQ3F2UVR3L1RuSG9NQlRYd0dxWWFPb1hEdGpKTllhMjQ3RjN5ckV3U0ZoMmRLdFcKWjhPQ1c1aG9kaFhiMmZKTHQ0d3lkMFhTYmZjOTRNS1huK2o5ek10aXZSOU4yci9YM1EyelZKMkJtYUxVWFVrQgpGWHVuWDd6RDRkQythaVpadXV1c0FrQTQ2Y1VoU09EemJtQkpOSm5FWjlHNVZMbUoweEpLdzhYcHhzcmlEWDdDCnVQd2lkVVNkcko2Tk5sUDlUdHNHaVdYdVFTaTNrOHMvVnFzNUFnTUJBQUdqUlRCRE1BNEdBMVVkRHdFQi93UUUKQXdJQmhqQVNCZ05WSFJNQkFmOEVDREFHQVFIL0FnRUFNQjBHQTFVZERnUVdCQlRweUJOL0NQdHo1UEZMQ0RnZwo0SjhmRFRlVStEQU5CZ2txaGtpRzl3MEJBUXNGQUFPQ0FRRUFScmF3bnM4ZkZmMExVY3FRRGhwa3hOcEZiWVNtCndxZWxscUdTUWQ1Z1EwbHMxOHMyL0RvSW9RYmNZUXBkUjVVQWs3aUhia2tPbHVGK002MWRuWjNJTTFXOUVoU3gKUUFVTjNwYld6NUtkUVhFaHZIWDB2Sjlqd095WWg1SW50ZllpY0NocjgzOGJieWU2d1FuRmw0Y1kwY09TVFg2RwpScEtYZEhFdTI3SzJYQTFhd0RqcUYxSUlWOVc3elkvOFAyZzZGcVdwcGVkQnQvK1puWmNtL3l5VWxsVHpsNVdXCnpIUW1TKzVuMGdnSTZXOTJ6QzlkMnhqQ3RNaEw5L1VzeDlITEx4MHV2TTgrS2RJaE4wNEdZT1FBODFBTm5ha0cKL0tWQ2Y5b0EvQXBtOXdXc1J6T1FjcjVGSXB5WlZacmoyRzNmY1J1dWMxYzJkM24xMVNIMVhlYjE3Zz09Ci0tLS0tRU5EIENFUlRJRklDQVRFLS0tLS0K\n    server: https://408fd3e9-42c3-4baa-95ef-aa69afa78a5e.k8s.ondigitalocean.com\n  name: do-nyc1-k8s\ncontexts:\n- context:\n    cluster: do-nyc1-k8s\n    user: do-nyc1-k8s-admin\n  name: do-nyc1-k8s\ncurrent-context: do-nyc1-k8s\nusers:\n- name: do-nyc1-k8s-admin\n  user:\n    token: dop_v1_89495b7d36eac45495c474eb7d862dc2cc238fe5cc1baecb54638601f1b793a1\n",
                "token": "dop_v1_89495b7d36eac45495c474eb7d862dc2cc238fe5cc1baecb54638601f1b793a1"
              }
            ],
            "maintenance_policy": [
              {
                "day": "any",
                "duration": "4h0m0s",
                "start_time": "6:00"
              }
            ],
            "name": "k8s",
            "node_pool": [
              {
                "actual_node_count": 2,
                "auto_scale": false,
                "id": "7f2e0501-7645-4a9c-9fc6-a871bf5ba00a",
                "labels": null,
                "max_nodes": 0,
                "min_nodes": 0,
                "name": "default",
                "node_count": 2,
                "nodes": [
                  {
                    "created_at": "2023-01-29 23:25:01 +0000 UTC",
                    "droplet_id": "338164879",
                    "id": "f4546f13-7864-45ee-85e9-519a09b51280",
                    "name": "default-q33kc",
                    "status": "running",
                    "updated_at": "2023-01-29 23:26:25 +0000 UTC"
                  },
                  {
                    "created_at": "2023-01-29 23:25:01 +0000 UTC",
                    "droplet_id": "338164877",
                    "id": "c0c8e12d-4434-467a-a347-a1349c9f2957",
                    "name": "default-q33k7",
                    "status": "running",
                    "updated_at": "2023-01-29 23:26:25 +0000 UTC"
                  }
                ],
                "size": "s-2vcpu-2gb",
                "tags": null,
                "taint": []
              }
            ],
            "region": "nyc1",
            "service_subnet": "10.245.0.0/16",
            "status": "running",
            "surge_upgrade": true,
            "tags": null,
            "timeouts": null,
            "updated_at": "2023-01-29 23:30:24 +0000 UTC",
            "urn": "do:kubernetes:408fd3e9-42c3-4baa-95ef-aa69afa78a5e",
            "version": "1.25.4-do.0",
            "vpc_uuid": "e5af423c-edaf-4abd-990d-e7f4b6653fdf"
          },
          "sensitive_attributes": [],
          "private": "eyJlMmJmYjczMC1lY2FhLTExZTYtOGY4OC0zNDM2M2JjN2M0YzAiOnsiY3JlYXRlIjoxODAwMDAwMDAwMDAwfSwic2NoZW1hX3ZlcnNpb24iOiIzIn0="
        }
      ]
    }
  ],
  "check_results": null
}
