{
  "version": 4,
  "terraform_version": "1.3.7",
  "serial": 5,
  "lineage": "ed9e1f1b-78f4-96c0-f6a8-347de08a4335",
  "outputs": {},
  "resources": [
    {
      "mode": "data",
      "type": "digitalocean_ssh_key",
      "name": "DevOps",
      "provider": "provider[\"registry.terraform.io/digitalocean/digitalocean\"]",
      "instances": [
        {
          "schema_version": 0,
          "attributes": {
            "fingerprint": "c6:4e:ae:ed:1b:8f:15:4a:6c:a6:3f:9e:f5:d9:3d:66",
            "id": 37386524,
            "name": "DevOps",
            "public_key": "ssh-rsa AAAAB3NzaC1yc2EAAAADAQABAAABAQC2I8Bsr0uC1Kf30DY/b88erb1UB5OW3QWyj/i5vVT2XA87JO1LGyJ7JskdzM+qatBB6jP6W+94GxWpzhb7565gAYYloCWmQzJcpcGQ3D7A+nfYXW/UgqYYWoJ0COvNJqKDD5CIjAxVLP3KpHALTSjteNtl74vB+8ANDCy5wNe7e5TIf1s8z1rAdLE2TaFK43mU0EF81nAfg8Sj956tb7xD6ny4OhX7Am9MdSvhsAA84wuSbKU63NH3zcUS7sPnN0TaX0V4JebDI9++K1nddvRibXZpQtI29cSH2SIE+I4pjuhIb29utqzFBvkmDO/0g46aQqEJgLuyY9SK/M++Z28r ricardo@pc7000"
          },
          "sensitive_attributes": []
        }
      ]
    },
    {
      "mode": "managed",
      "type": "digitalocean_droplet",
      "name": "jenkins",
      "provider": "provider[\"registry.terraform.io/digitalocean/digitalocean\"]",
      "instances": [
        {
          "schema_version": 1,
          "attributes": {
            "backups": false,
            "created_at": "2023-01-29T22:10:18Z",
            "disk": 60,
            "droplet_agent": null,
            "graceful_shutdown": false,
            "id": "338157302",
            "image": "ubuntu-22-04-x64",
            "ipv4_address": "143.244.154.12",
            "ipv4_address_private": "10.116.0.2",
            "ipv6": false,
            "ipv6_address": "",
            "locked": false,
            "memory": 2048,
            "monitoring": false,
            "name": "jenkins",
            "price_hourly": 0.02679,
            "price_monthly": 18,
            "private_networking": true,
            "region": "nyc1",
            "resize_disk": true,
            "size": "s-2vcpu-2gb",
            "ssh_keys": null,
            "status": "active",
            "tags": [],
            "timeouts": null,
            "urn": "do:droplet:338157302",
            "user_data": null,
            "vcpus": 2,
            "volume_ids": [],
            "vpc_uuid": "e5af423c-edaf-4abd-990d-e7f4b6653fdf"
          },
          "sensitive_attributes": [],
          "private": "eyJlMmJmYjczMC1lY2FhLTExZTYtOGY4OC0zNDM2M2JjN2M0YzAiOnsiY3JlYXRlIjozNjAwMDAwMDAwMDAwLCJkZWxldGUiOjYwMDAwMDAwMDAwLCJ1cGRhdGUiOjM2MDAwMDAwMDAwMDB9LCJzY2hlbWFfdmVyc2lvbiI6IjEifQ=="
        }
      ]
    }
  ],
  "check_results": null
}
